// !$*UTF8*$!
{
	archiveVersion = 1;
	classes = {
	};
	objectVersion = 46;
	objects = {

/* Begin PBXBuildFile section */
		9C551C5618DDFBFB00717092 /* KEVViewController.m in Sources */ = {isa = PBXBuildFile; fileRef = 9C551C5518DDFBFB00717092 /* KEVViewController.m */; };
		9C76495018DD04EA00946F15 /* Foundation.framework in Frameworks */ = {isa = PBXBuildFile; fileRef = 9C76494F18DD04EA00946F15 /* Foundation.framework */; };
		9C76495218DD04EA00946F15 /* CoreGraphics.framework in Frameworks */ = {isa = PBXBuildFile; fileRef = 9C76495118DD04EA00946F15 /* CoreGraphics.framework */; };
		9C76495418DD04EA00946F15 /* UIKit.framework in Frameworks */ = {isa = PBXBuildFile; fileRef = 9C76495318DD04EA00946F15 /* UIKit.framework */; };
		9C76495A18DD04EA00946F15 /* InfoPlist.strings in Resources */ = {isa = PBXBuildFile; fileRef = 9C76495818DD04EA00946F15 /* InfoPlist.strings */; };
		9C76495C18DD04EA00946F15 /* main.m in Sources */ = {isa = PBXBuildFile; fileRef = 9C76495B18DD04EA00946F15 /* main.m */; };
		9C76496018DD04EA00946F15 /* KEVAppDelegate.m in Sources */ = {isa = PBXBuildFile; fileRef = 9C76495F18DD04EA00946F15 /* KEVAppDelegate.m */; };
		9C76496218DD04EA00946F15 /* Images.xcassets in Resources */ = {isa = PBXBuildFile; fileRef = 9C76496118DD04EA00946F15 /* Images.xcassets */; };
		9C76496918DD04EB00946F15 /* XCTest.framework in Frameworks */ = {isa = PBXBuildFile; fileRef = 9C76496818DD04EB00946F15 /* XCTest.framework */; };
		9C76496A18DD04EB00946F15 /* Foundation.framework in Frameworks */ = {isa = PBXBuildFile; fileRef = 9C76494F18DD04EA00946F15 /* Foundation.framework */; };
		9C76496B18DD04EB00946F15 /* UIKit.framework in Frameworks */ = {isa = PBXBuildFile; fileRef = 9C76495318DD04EA00946F15 /* UIKit.framework */; };
		9C76497318DD04EB00946F15 /* InfoPlist.strings in Resources */ = {isa = PBXBuildFile; fileRef = 9C76497118DD04EB00946F15 /* InfoPlist.strings */; };
		9C76497518DD04EB00946F15 /* ExpenseTests.m in Sources */ = {isa = PBXBuildFile; fileRef = 9C76497418DD04EB00946F15 /* ExpenseTests.m */; };
/* End PBXBuildFile section */

/* Begin PBXContainerItemProxy section */
		9C76496C18DD04EB00946F15 /* PBXContainerItemProxy */ = {
			isa = PBXContainerItemProxy;
			containerPortal = 9C76494418DD04EA00946F15 /* Project object */;
			proxyType = 1;
			remoteGlobalIDString = 9C76494B18DD04EA00946F15;
			remoteInfo = Expense;
		};
/* End PBXContainerItemProxy section */

/* Begin PBXFileReference section */
		9C551C5418DDFBFB00717092 /* KEVViewController.h */ = {isa = PBXFileReference; fileEncoding = 4; lastKnownFileType = sourcecode.c.h; path = KEVViewController.h; sourceTree = "<group>"; };
		9C551C5518DDFBFB00717092 /* KEVViewController.m */ = {isa = PBXFileReference; fileEncoding = 4; lastKnownFileType = sourcecode.c.objc; path = KEVViewController.m; sourceTree = "<group>"; };
		9C76494C18DD04EA00946F15 /* Expense.app */ = {isa = PBXFileReference; explicitFileType = wrapper.application; includeInIndex = 0; path = Expense.app; sourceTree = BUILT_PRODUCTS_DIR; };
		9C76494F18DD04EA00946F15 /* Foundation.framework */ = {isa = PBXFileReference; lastKnownFileType = wrapper.framework; name = Foundation.framework; path = System/Library/Frameworks/Foundation.framework; sourceTree = SDKROOT; };
		9C76495118DD04EA00946F15 /* CoreGraphics.framework */ = {isa = PBXFileReference; lastKnownFileType = wrapper.framework; name = CoreGraphics.framework; path = System/Library/Frameworks/CoreGraphics.framework; sourceTree = SDKROOT; };
		9C76495318DD04EA00946F15 /* UIKit.framework */ = {isa = PBXFileReference; lastKnownFileType = wrapper.framework; name = UIKit.framework; path = System/Library/Frameworks/UIKit.framework; sourceTree = SDKROOT; };
		9C76495718DD04EA00946F15 /* Expense-Info.plist */ = {isa = PBXFileReference; lastKnownFileType = text.plist.xml; path = "Expense-Info.plist"; sourceTree = "<group>"; };
		9C76495918DD04EA00946F15 /* en */ = {isa = PBXFileReference; lastKnownFileType = text.plist.strings; name = en; path = en.lproj/InfoPlist.strings; sourceTree = "<group>"; };
		9C76495B18DD04EA00946F15 /* main.m */ = {isa = PBXFileReference; lastKnownFileType = sourcecode.c.objc; path = main.m; sourceTree = "<group>"; };
		9C76495D18DD04EA00946F15 /* Expense-Prefix.pch */ = {isa = PBXFileReference; lastKnownFileType = sourcecode.c.h; path = "Expense-Prefix.pch"; sourceTree = "<group>"; };
		9C76495E18DD04EA00946F15 /* KEVAppDelegate.h */ = {isa = PBXFileReference; lastKnownFileType = sourcecode.c.h; path = KEVAppDelegate.h; sourceTree = "<group>"; };
		9C76495F18DD04EA00946F15 /* KEVAppDelegate.m */ = {isa = PBXFileReference; lastKnownFileType = sourcecode.c.objc; path = KEVAppDelegate.m; sourceTree = "<group>"; };
		9C76496118DD04EA00946F15 /* Images.xcassets */ = {isa = PBXFileReference; lastKnownFileType = folder.assetcatalog; path = Images.xcassets; sourceTree = "<group>"; };
		9C76496718DD04EB00946F15 /* ExpenseTests.xctest */ = {isa = PBXFileReference; explicitFileType = wrapper.cfbundle; includeInIndex = 0; path = ExpenseTests.xctest; sourceTree = BUILT_PRODUCTS_DIR; };
		9C76496818DD04EB00946F15 /* XCTest.framework */ = {isa = PBXFileReference; lastKnownFileType = wrapper.framework; name = XCTest.framework; path = Library/Frameworks/XCTest.framework; sourceTree = DEVELOPER_DIR; };
		9C76497018DD04EB00946F15 /* ExpenseTests-Info.plist */ = {isa = PBXFileReference; lastKnownFileType = text.plist.xml; path = "ExpenseTests-Info.plist"; sourceTree = "<group>"; };
		9C76497218DD04EB00946F15 /* en */ = {isa = PBXFileReference; lastKnownFileType = text.plist.strings; name = en; path = en.lproj/InfoPlist.strings; sourceTree = "<group>"; };
		9C76497418DD04EB00946F15 /* ExpenseTests.m */ = {isa = PBXFileReference; lastKnownFileType = sourcecode.c.objc; path = ExpenseTests.m; sourceTree = "<group>"; };
/* End PBXFileReference section */

/* Begin PBXFrameworksBuildPhase section */
		9C76494918DD04EA00946F15 /* Frameworks */ = {
			isa = PBXFrameworksBuildPhase;
			buildActionMask = 2147483647;
			files = (
				9C76495218DD04EA00946F15 /* CoreGraphics.framework in Frameworks */,
				9C76495418DD04EA00946F15 /* UIKit.framework in Frameworks */,
				9C76495018DD04EA00946F15 /* Foundation.framework in Frameworks */,
			);
			runOnlyForDeploymentPostprocessing = 0;
		};
		9C76496418DD04EB00946F15 /* Frameworks */ = {
			isa = PBXFrameworksBuildPhase;
			buildActionMask = 2147483647;
			files = (
				9C76496918DD04EB00946F15 /* XCTest.framework in Frameworks */,
				9C76496B18DD04EB00946F15 /* UIKit.framework in Frameworks */,
				9C76496A18DD04EB00946F15 /* Foundation.framework in Frameworks */,
			);
			runOnlyForDeploymentPostprocessing = 0;
		};
/* End PBXFrameworksBuildPhase section */

/* Begin PBXGroup section */
		9C76494318DD04EA00946F15 = {
			isa = PBXGroup;
			children = (
				9C76495518DD04EA00946F15 /* Expense */,
				9C76496E18DD04EB00946F15 /* ExpenseTests */,
				9C76494E18DD04EA00946F15 /* Frameworks */,
				9C76494D18DD04EA00946F15 /* Products */,
			);
			sourceTree = "<group>";
		};
		9C76494D18DD04EA00946F15 /* Products */ = {
			isa = PBXGroup;
			children = (
				9C76494C18DD04EA00946F15 /* Expense.app */,
				9C76496718DD04EB00946F15 /* ExpenseTests.xctest */,
			);
			name = Products;
			sourceTree = "<group>";
		};
		9C76494E18DD04EA00946F15 /* Frameworks */ = {
			isa = PBXGroup;
			children = (
				9C76494F18DD04EA00946F15 /* Foundation.framework */,
				9C76495118DD04EA00946F15 /* CoreGraphics.framework */,
				9C76495318DD04EA00946F15 /* UIKit.framework */,
				9C76496818DD04EB00946F15 /* XCTest.framework */,
			);
			name = Frameworks;
			sourceTree = "<group>";
		};
		9C76495518DD04EA00946F15 /* Expense */ = {
			isa = PBXGroup;
			children = (
				9C76495E18DD04EA00946F15 /* KEVAppDelegate.h */,
				9C76495F18DD04EA00946F15 /* KEVAppDelegate.m */,
				9C551C5418DDFBFB00717092 /* KEVViewController.h */,
				9C551C5518DDFBFB00717092 /* KEVViewController.m */,
				9C76496118DD04EA00946F15 /* Images.xcassets */,
				9C76495618DD04EA00946F15 /* Supporting Files */,
			);
			path = Expense;
			sourceTree = "<group>";
		};
		9C76495618DD04EA00946F15 /* Supporting Files */ = {
			isa = PBXGroup;
			children = (
				9C76495718DD04EA00946F15 /* Expense-Info.plist */,
				9C76495818DD04EA00946F15 /* InfoPlist.strings */,
				9C76495B18DD04EA00946F15 /* main.m */,
				9C76495D18DD04EA00946F15 /* Expense-Prefix.pch */,
			);
			name = "Supporting Files";
			sourceTree = "<group>";
		};
		9C76496E18DD04EB00946F15 /* ExpenseTests */ = {
			isa = PBXGroup;
			children = (
				9C76497418DD04EB00946F15 /* ExpenseTests.m */,
				9C76496F18DD04EB00946F15 /* Supporting Files */,
			);
			path = ExpenseTests;
			sourceTree = "<group>";
		};
		9C76496F18DD04EB00946F15 /* Supporting Files */ = {
			isa = PBXGroup;
			children = (
				9C76497018DD04EB00946F15 /* ExpenseTests-Info.plist */,
				9C76497118DD04EB00946F15 /* InfoPlist.strings */,
			);
			name = "Supporting Files";
			sourceTree = "<group>";
		};
/* End PBXGroup section */

/* Begin PBXNativeTarget section */
		9C76494B18DD04EA00946F15 /* Expense */ = {
			isa = PBXNativeTarget;
			buildConfigurationList = 9C76497818DD04EB00946F15 /* Build configuration list for PBXNativeTarget "Expense" */;
			buildPhases = (
				9C76494818DD04EA00946F15 /* Sources */,
				9C76494918DD04EA00946F15 /* Frameworks */,
				9C76494A18DD04EA00946F15 /* Resources */,
			);
			buildRules = (
			);
			dependencies = (
			);
			name = Expense;
			productName = Expense;
			productReference = 9C76494C18DD04EA00946F15 /* Expense.app */;
			productType = "com.apple.product-type.application";
		};
		9C76496618DD04EB00946F15 /* ExpenseTests */ = {
			isa = PBXNativeTarget;
			buildConfigurationList = 9C76497B18DD04EB00946F15 /* Build configuration list for PBXNativeTarget "ExpenseTests" */;
			buildPhases = (
				9C76496318DD04EB00946F15 /* Sources */,
				9C76496418DD04EB00946F15 /* Frameworks */,
				9C76496518DD04EB00946F15 /* Resources */,
			);
			buildRules = (
			);
			dependencies = (
				9C76496D18DD04EB00946F15 /* PBXTargetDependency */,
			);
			name = ExpenseTests;
			productName = ExpenseTests;
			productReference = 9C76496718DD04EB00946F15 /* ExpenseTests.xctest */;
			productType = "com.apple.product-type.bundle.unit-test";
		};
/* End PBXNativeTarget section */

/* Begin PBXProject section */
		9C76494418DD04EA00946F15 /* Project object */ = {
			isa = PBXProject;
			attributes = {
				CLASSPREFIX = KEV;
				LastUpgradeCheck = 0510;
				ORGANIZATIONNAME = "Kevin Clark";
				TargetAttributes = {
					9C76496618DD04EB00946F15 = {
						TestTargetID = 9C76494B18DD04EA00946F15;
					};
				};
			};
			buildConfigurationList = 9C76494718DD04EA00946F15 /* Build configuration list for PBXProject "Expense" */;
			compatibilityVersion = "Xcode 3.2";
			developmentRegion = English;
			hasScannedForEncodings = 0;
			knownRegions = (
				en,
			);
			mainGroup = 9C76494318DD04EA00946F15;
			productRefGroup = 9C76494D18DD04EA00946F15 /* Products */;
			projectDirPath = "";
			projectRoot = "";
			targets = (
				9C76494B18DD04EA00946F15 /* Expense */,
				9C76496618DD04EB00946F15 /* ExpenseTests */,
			);
		};
/* End PBXProject section */

/* Begin PBXResourcesBuildPhase section */
		9C76494A18DD04EA00946F15 /* Resources */ = {
			isa = PBXResourcesBuildPhase;
			buildActionMask = 2147483647;
			files = (
				9C76495A18DD04EA00946F15 /* InfoPlist.strings in Resources */,
				9C76496218DD04EA00946F15 /* Images.xcassets in Resources */,
			);
			runOnlyForDeploymentPostprocessing = 0;
		};
		9C76496518DD04EB00946F15 /* Resources */ = {
			isa = PBXResourcesBuildPhase;
			buildActionMask = 2147483647;
			files = (
				9C76497318DD04EB00946F15 /* InfoPlist.strings in Resources */,
			);
			runOnlyForDeploymentPostprocessing = 0;
		};
/* End PBXResourcesBuildPhase section */

/* Begin PBXSourcesBuildPhase section */
		9C76494818DD04EA00946F15 /* Sources */ = {
			isa = PBXSourcesBuildPhase;
			buildActionMask = 2147483647;
			files = (
				9C76495C18DD04EA00946F15 /* main.m in Sources */,
				9C76496018DD04EA00946F15 /* KEVAppDelegate.m in Sources */,
				9C551C5618DDFBFB00717092 /* KEVViewController.m in Sources */,
			);
			runOnlyForDeploymentPostprocessing = 0;
		};
		9C76496318DD04EB00946F15 /* Sources */ = {
			isa = PBXSourcesBuildPhase;
			buildActionMask = 2147483647;
			files = (
				9C76497518DD04EB00946F15 /* ExpenseTests.m in Sources */,
			);
			runOnlyForDeploymentPostprocessing = 0;
		};
/* End PBXSourcesBuildPhase section */

/* Begin PBXTargetDependency section */
		9C76496D18DD04EB00946F15 /* PBXTargetDependency */ = {
			isa = PBXTargetDependency;
			target = 9C76494B18DD04EA00946F15 /* Expense */;
			targetProxy = 9C76496C18DD04EB00946F15 /* PBXContainerItemProxy */;
		};
/* End PBXTargetDependency section */

/* Begin PBXVariantGroup section */
		9C76495818DD04EA00946F15 /* InfoPlist.strings */ = {
			isa = PBXVariantGroup;
			children = (
				9C76495918DD04EA00946F15 /* en */,
			);
			name = InfoPlist.strings;
			sourceTree = "<group>";
		};
		9C76497118DD04EB00946F15 /* InfoPlist.strings */ = {
			isa = PBXVariantGroup;
			children = (
				9C76497218DD04EB00946F15 /* en */,
			);
			name = InfoPlist.strings;
			sourceTree = "<group>";
		};
/* End PBXVariantGroup section */

/* Begin XCBuildConfiguration section */
		9C76497618DD04EB00946F15 /* Debug */ = {
			isa = XCBuildConfiguration;
			buildSettings = {
				ALWAYS_SEARCH_USER_PATHS = NO;
				CLANG_CXX_LANGUAGE_STANDARD = "gnu++0x";
				CLANG_CXX_LIBRARY = "libc++";
				CLANG_ENABLE_MODULES = YES;
				CLANG_ENABLE_OBJC_ARC = YES;
				CLANG_WARN_BOOL_CONVERSION = YES;
				CLANG_WARN_CONSTANT_CONVERSION = YES;
				CLANG_WARN_DIRECT_OBJC_ISA_USAGE = YES_ERROR;
				CLANG_WARN_EMPTY_BODY = YES;
				CLANG_WARN_ENUM_CONVERSION = YES;
				CLANG_WARN_INT_CONVERSION = YES;
				CLANG_WARN_OBJC_ROOT_CLASS = YES_ERROR;
				CLANG_WARN__DUPLICATE_METHOD_MATCH = YES;
				"CODE_SIGN_IDENTITY[sdk=iphoneos*]" = "iPhone Developer";
				COPY_PHASE_STRIP = NO;
				GCC_C_LANGUAGE_STANDARD = gnu99;
				GCC_DYNAMIC_NO_PIC = NO;
				GCC_OPTIMIZATION_LEVEL = 0;
				GCC_PREPROCESSOR_DEFINITIONS = (
					"DEBUG=1",
					"$(inherited)",
				);
				GCC_SYMBOLS_PRIVATE_EXTERN = NO;
				GCC_WARN_64_TO_32_BIT_CONVERSION = YES;
				GCC_WARN_ABOUT_RETURN_TYPE = YES_ERROR;
				GCC_WARN_UNDECLARED_SELECTOR = YES;
				GCC_WARN_UNINITIALIZED_AUTOS = YES_AGGRESSIVE;
				GCC_WARN_UNUSED_FUNCTION = YES;
				GCC_WARN_UNUSED_VARIABLE = YES;
				IPHONEOS_DEPLOYMENT_TARGET = 7.1;
				ONLY_ACTIVE_ARCH = YES;
				SDKROOT = iphoneos;
			};
			name = Debug;
		};
		9C76497718DD04EB00946F15 /* Release */ = {
			isa = XCBuildConfiguration;
			buildSettings = {
				ALWAYS_SEARCH_USER_PATHS = NO;
				CLANG_CXX_LANGUAGE_STANDARD = "gnu++0x";
				CLANG_CXX_LIBRARY = "libc++";
				CLANG_ENABLE_MODULES = YES;
				CLANG_ENABLE_OBJC_ARC = YES;
				CLANG_WARN_BOOL_CONVERSION = YES;
				CLANG_WARN_CONSTANT_CONVERSION = YES;
				CLANG_WARN_DIRECT_OBJC_ISA_USAGE = YES_ERROR;
				CLANG_WARN_EMPTY_BODY = YES;
				CLANG_WARN_ENUM_CONVERSION = YES;
				CLANG_WARN_INT_CONVERSION = YES;
				CLANG_WARN_OBJC_ROOT_CLASS = YES_ERROR;
				CLANG_WARN__DUPLICATE_METHOD_MATCH = YES;
				"CODE_SIGN_IDENTITY[sdk=iphoneos*]" = "iPhone Developer";
				COPY_PHASE_STRIP = YES;
				ENABLE_NS_ASSERTIONS = NO;
				GCC_C_LANGUAGE_STANDARD = gnu99;
				GCC_WARN_64_TO_32_BIT_CONVERSION = YES;
				GCC_WARN_ABOUT_RETURN_TYPE = YES_ERROR;
				GCC_WARN_UNDECLARED_SELECTOR = YES;
				GCC_WARN_UNINITIALIZED_AUTOS = YES_AGGRESSIVE;
				GCC_WARN_UNUSED_FUNCTION = YES;
				GCC_WARN_UNUSED_VARIABLE = YES;
				IPHONEOS_DEPLOYMENT_TARGET = 7.1;
				SDKROOT = iphoneos;
				VALIDATE_PRODUCT = YES;
			};
			name = Release;
		};
		9C76497918DD04EB00946F15 /* Debug */ = {
			isa = XCBuildConfiguration;
			buildSettings = {
				ASSETCATALOG_COMPILER_APPICON_NAME = AppIcon;
				ASSETCATALOG_COMPILER_LAUNCHIMAGE_NAME = LaunchImage;
				GCC_PRECOMPILE_PREFIX_HEADER = YES;
				GCC_PREFIX_HEADER = "Expense/Expense-Prefix.pch";
				INFOPLIST_FILE = "Expense/Expense-Info.plist";
				PRODUCT_NAME = "$(TARGET_NAME)";
				WRAPPER_EXTENSION = app;
			};
			name = Debug;
		};
		9C76497A18DD04EB00946F15 /* Release */ = {
			isa = XCBuildConfiguration;
			buildSettings = {
				ASSETCATALOG_COMPILER_APPICON_NAME = AppIcon;
				ASSETCATALOG_COMPILER_LAUNCHIMAGE_NAME = LaunchImage;
				GCC_PRECOMPILE_PREFIX_HEADER = YES;
				GCC_PREFIX_HEADER = "Expense/Expense-Prefix.pch";
				INFOPLIST_FILE = "Expense/Expense-Info.plist";
				PRODUCT_NAME = "$(TARGET_NAME)";
				WRAPPER_EXTENSION = app;
			};
			name = Release;
		};
		9C76497C18DD04EB00946F15 /* Debug */ = {
			isa = XCBuildConfiguration;
			buildSettings = {
				BUNDLE_LOADER = "$(BUILT_PRODUCTS_DIR)/Expense.app/Expense";
				FRAMEWORK_SEARCH_PATHS = (
					"$(SDKROOT)/Developer/Library/Frameworks",
					"$(inherited)",
					"$(DEVELOPER_FRAMEWORKS_DIR)",
				);
				GCC_PRECOMPILE_PREFIX_HEADER = YES;
				GCC_PREFIX_HEADER = "Expense/Expense-Prefix.pch";
				GCC_PREPROCESSOR_DEFINITIONS = (
					"DEBUG=1",
					"$(inherited)",
				);
				INFOPLIST_FILE = "ExpenseTests/ExpenseTests-Info.plist";
				PRODUCT_NAME = "$(TARGET_NAME)";
				TEST_HOST = "$(BUNDLE_LOADER)";
				WRAPPER_EXTENSION = xctest;
			};
			name = Debug;
		};
		9C76497D18DD04EB00946F15 /* Release */ = {
			isa = XCBuildConfiguration;
			buildSettings = {
				BUNDLE_LOADER = "$(BUILT_PRODUCTS_DIR)/Expense.app/Expense";
				FRAMEWORK_SEARCH_PATHS = (
					"$(SDKROOT)/Developer/Library/Frameworks",
					"$(inherited)",
					"$(DEVELOPER_FRAMEWORKS_DIR)",
				);
				GCC_PRECOMPILE_PREFIX_HEADER = YES;
				GCC_PREFIX_HEADER = "Expense/Expense-Prefix.pch";
				INFOPLIST_FILE = "ExpenseTests/ExpenseTests-Info.plist";
				PRODUCT_NAME = "$(TARGET_NAME)";
				TEST_HOST = "$(BUNDLE_LOADER)";
				WRAPPER_EXTENSION = xctest;
			};
			name = Release;
		};
/* End XCBuildConfiguration section */

/* Begin XCConfigurationList section */
		9C76494718DD04EA00946F15 /* Build configuration list for PBXProject "Expense" */ = {
			isa = XCConfigurationList;
			buildConfigurations = (
				9C76497618DD04EB00946F15 /* Debug */,
				9C76497718DD04EB00946F15 /* Release */,
			);
			defaultConfigurationIsVisible = 0;
			defaultConfigurationName = Release;
		};
		9C76497818DD04EB00946F15 /* Build configuration list for PBXNativeTarget "Expense" */ = {
			isa = XCConfigurationList;
			buildConfigurations = (
				9C76497918DD04EB00946F15 /* Debug */,
				9C76497A18DD04EB00946F15 /* Release */,
			);
			defaultConfigurationIsVisible = 0;
			defaultConfigurationName = Release;
		};
		9C76497B18DD04EB00946F15 /* Build configuration list for PBXNativeTarget "ExpenseTests" */ = {
			isa = XCConfigurationList;
			buildConfigurations = (
				9C76497C18DD04EB00946F15 /* Debug */,
				9C76497D18DD04EB00946F15 /* Release */,
			);
			defaultConfigurationIsVisible = 0;
			defaultConfigurationName = Release;
		};
/* End XCConfigurationList section */
	};
	rootObject = 9C76494418DD04EA00946F15 /* Project object */;
}
